PODS:
  - MBProgressHUD (0.9)
  - SVPullToRefresh (0.4.1)

DEPENDENCIES:
  - MBProgressHUD (~> 0.8)
  - SVPullToRefresh (from `https://github.com/samvermette/SVPullToRefresh`, commit `a5f9dfee86`)

EXTERNAL SOURCES:
  SVPullToRefresh:
    :commit: a5f9dfee86
    :git: https://github.com/samvermette/SVPullToRefresh

SPEC CHECKSUMS:
  MBProgressHUD: 2038dbcf3dce73215abed6001657043d53aa79a8
  SVPullToRefresh: 61a0e4bd12bd6f8e3465909810b0fbeb1a28d5f2

COCOAPODS: 0.34.2
